// !$*UTF8*$!
{
	archiveVersion = 1;
	classes = {
	};
	objectVersion = 50;
	objects = {

/* Begin PBXBuildFile section */
		970CFCCD23C20D5600D9FB12 /* KakaoOpenSDK.framework in Frameworks */ = {isa = PBXBuildFile; fileRef = 970CFCCC23C20D5600D9FB12 /* KakaoOpenSDK.framework */; };
		970CFCD123C2148F00D9FB12 /* KakaoLoginButton.swift in Sources */ = {isa = PBXBuildFile; fileRef = 970CFCD023C2148F00D9FB12 /* KakaoLoginButton.swift */; };
		972B0FDF23C865C400BF1F65 /* KoreaMap.swift in Sources */ = {isa = PBXBuildFile; fileRef = 972B0FDE23C865C400BF1F65 /* KoreaMap.swift */; };
		973F6A3423CEEC9C008C4EEC /* MemberRow.swift in Sources */ = {isa = PBXBuildFile; fileRef = 973F6A3323CEEC9C008C4EEC /* MemberRow.swift */; };
		9750586123C1B17800BF54E5 /* AppDelegate.swift in Sources */ = {isa = PBXBuildFile; fileRef = 9750586023C1B17800BF54E5 /* AppDelegate.swift */; };
		9750586323C1B17800BF54E5 /* SceneDelegate.swift in Sources */ = {isa = PBXBuildFile; fileRef = 9750586223C1B17800BF54E5 /* SceneDelegate.swift */; };
		9750586623C1B17800BF54E5 /* PhotoMap_IOS.xcdatamodeld in Sources */ = {isa = PBXBuildFile; fileRef = 9750586423C1B17800BF54E5 /* PhotoMap_IOS.xcdatamodeld */; };
		9750586823C1B17800BF54E5 /* LoginView.swift in Sources */ = {isa = PBXBuildFile; fileRef = 9750586723C1B17800BF54E5 /* LoginView.swift */; };
		9750586A23C1B17900BF54E5 /* Assets.xcassets in Resources */ = {isa = PBXBuildFile; fileRef = 9750586923C1B17900BF54E5 /* Assets.xcassets */; };
		9750586D23C1B17900BF54E5 /* Preview Assets.xcassets in Resources */ = {isa = PBXBuildFile; fileRef = 9750586C23C1B17900BF54E5 /* Preview Assets.xcassets */; };
		9750587023C1B17900BF54E5 /* LaunchScreen.storyboard in Resources */ = {isa = PBXBuildFile; fileRef = 9750586E23C1B17900BF54E5 /* LaunchScreen.storyboard */; };
		97528EEC23C770E100B999B5 /* GroupList.swift in Sources */ = {isa = PBXBuildFile; fileRef = 97528EEB23C770E100B999B5 /* GroupList.swift */; };
		97528EEF23C7717D00B999B5 /* GroupRow.swift in Sources */ = {isa = PBXBuildFile; fileRef = 97528EEE23C7717D00B999B5 /* GroupRow.swift */; };
		975F469823CA1D760044C6AA /* FeedDetail.swift in Sources */ = {isa = PBXBuildFile; fileRef = 975F469723CA1D760044C6AA /* FeedDetail.swift */; };
		975F469A23CA22500044C6AA /* FeedPreviewDetail.swift in Sources */ = {isa = PBXBuildFile; fileRef = 975F469923CA22500044C6AA /* FeedPreviewDetail.swift */; };
		975F469C23CA22DC0044C6AA /* Feed.swift in Sources */ = {isa = PBXBuildFile; fileRef = 975F469B23CA22DC0044C6AA /* Feed.swift */; };
		9773017B23C7099700E3CE99 /* MainMapView.swift in Sources */ = {isa = PBXBuildFile; fileRef = 9773017A23C7099700E3CE99 /* MainMapView.swift */; };
		9773017D23C709BB00E3CE99 /* MainGroupView.swift in Sources */ = {isa = PBXBuildFile; fileRef = 9773017C23C709BB00E3CE99 /* MainGroupView.swift */; };
		9773017F23C709C700E3CE99 /* MainSettingView.swift in Sources */ = {isa = PBXBuildFile; fileRef = 9773017E23C709C700E3CE99 /* MainSettingView.swift */; };
		9773018123C71F7B00E3CE99 /* SplashView.swift in Sources */ = {isa = PBXBuildFile; fileRef = 9773018023C71F7B00E3CE99 /* SplashView.swift */; };
		9773018523C7277700E3CE99 /* MainTabView.swift in Sources */ = {isa = PBXBuildFile; fileRef = 9773018423C7277700E3CE99 /* MainTabView.swift */; };
		97785AC323C9E38F007EDB7E /* NavigationConfigurator.swift in Sources */ = {isa = PBXBuildFile; fileRef = 97785AC223C9E38F007EDB7E /* NavigationConfigurator.swift */; };
		97785AC623C9E592007EDB7E /* FeedView.swift in Sources */ = {isa = PBXBuildFile; fileRef = 97785AC523C9E592007EDB7E /* FeedView.swift */; };
		978D81EC23CB0ACD00DA75D0 /* GroupSideMenu.swift in Sources */ = {isa = PBXBuildFile; fileRef = 978D81EB23CB0ACD00DA75D0 /* GroupSideMenu.swift */; };
		978D81EE23CB0BD700DA75D0 /* MemberList.swift in Sources */ = {isa = PBXBuildFile; fileRef = 978D81ED23CB0BD700DA75D0 /* MemberList.swift */; };
		9798B19823C80B4100AB6E4F /* UserGroup.swift in Sources */ = {isa = PBXBuildFile; fileRef = 9798B19723C80B4100AB6E4F /* UserGroup.swift */; };
		97B242DB23CD912300AB0DB1 /* TestView.swift in Sources */ = {isa = PBXBuildFile; fileRef = 97B242DA23CD912300AB0DB1 /* TestView.swift */; };
		97B858B923C8A88500358211 /* GroupDetail.swift in Sources */ = {isa = PBXBuildFile; fileRef = 97B858B823C8A88500358211 /* GroupDetail.swift */; };
/* End PBXBuildFile section */

/* Begin PBXCopyFilesBuildPhase section */
		970CFCC823C208C800D9FB12 /* Embed Frameworks */ = {
			isa = PBXCopyFilesBuildPhase;
			buildActionMask = 2147483647;
			dstPath = "";
			dstSubfolderSpec = 10;
			files = (
			);
			name = "Embed Frameworks";
			runOnlyForDeploymentPostprocessing = 0;
		};
/* End PBXCopyFilesBuildPhase section */

/* Begin PBXFileReference section */
		970CFCC923C20C8100D9FB12 /* KakaoOpenSDK-Bridging-Header.h */ = {isa = PBXFileReference; lastKnownFileType = sourcecode.c.h; path = "KakaoOpenSDK-Bridging-Header.h"; sourceTree = "<group>"; };
		970CFCCC23C20D5600D9FB12 /* KakaoOpenSDK.framework */ = {isa = PBXFileReference; lastKnownFileType = wrapper.framework; path = KakaoOpenSDK.framework; sourceTree = "<group>"; };
		970CFCD023C2148F00D9FB12 /* KakaoLoginButton.swift */ = {isa = PBXFileReference; lastKnownFileType = sourcecode.swift; path = KakaoLoginButton.swift; sourceTree = "<group>"; };
		972B0FDE23C865C400BF1F65 /* KoreaMap.swift */ = {isa = PBXFileReference; lastKnownFileType = sourcecode.swift; path = KoreaMap.swift; sourceTree = "<group>"; };
		973F6A3323CEEC9C008C4EEC /* MemberRow.swift */ = {isa = PBXFileReference; lastKnownFileType = sourcecode.swift; path = MemberRow.swift; sourceTree = "<group>"; };
		9750585D23C1B17800BF54E5 /* PhotoMap.app */ = {isa = PBXFileReference; explicitFileType = wrapper.application; includeInIndex = 0; path = PhotoMap.app; sourceTree = BUILT_PRODUCTS_DIR; };
		9750586023C1B17800BF54E5 /* AppDelegate.swift */ = {isa = PBXFileReference; lastKnownFileType = sourcecode.swift; path = AppDelegate.swift; sourceTree = "<group>"; };
		9750586223C1B17800BF54E5 /* SceneDelegate.swift */ = {isa = PBXFileReference; lastKnownFileType = sourcecode.swift; path = SceneDelegate.swift; sourceTree = "<group>"; };
		9750586523C1B17800BF54E5 /* PhotoMap_IOS.xcdatamodel */ = {isa = PBXFileReference; lastKnownFileType = wrapper.xcdatamodel; path = PhotoMap_IOS.xcdatamodel; sourceTree = "<group>"; };
		9750586723C1B17800BF54E5 /* LoginView.swift */ = {isa = PBXFileReference; lastKnownFileType = sourcecode.swift; path = LoginView.swift; sourceTree = "<group>"; };
		9750586923C1B17900BF54E5 /* Assets.xcassets */ = {isa = PBXFileReference; lastKnownFileType = folder.assetcatalog; path = Assets.xcassets; sourceTree = "<group>"; };
		9750586C23C1B17900BF54E5 /* Preview Assets.xcassets */ = {isa = PBXFileReference; lastKnownFileType = folder.assetcatalog; path = "Preview Assets.xcassets"; sourceTree = "<group>"; };
		9750586F23C1B17900BF54E5 /* Base */ = {isa = PBXFileReference; lastKnownFileType = file.storyboard; name = Base; path = Base.lproj/LaunchScreen.storyboard; sourceTree = "<group>"; };
		9750587123C1B17900BF54E5 /* Info.plist */ = {isa = PBXFileReference; lastKnownFileType = text.plist.xml; path = Info.plist; sourceTree = "<group>"; };
		97528EEB23C770E100B999B5 /* GroupList.swift */ = {isa = PBXFileReference; lastKnownFileType = sourcecode.swift; path = GroupList.swift; sourceTree = "<group>"; };
		97528EEE23C7717D00B999B5 /* GroupRow.swift */ = {isa = PBXFileReference; lastKnownFileType = sourcecode.swift; path = GroupRow.swift; sourceTree = "<group>"; };
		975F469723CA1D760044C6AA /* FeedDetail.swift */ = {isa = PBXFileReference; lastKnownFileType = sourcecode.swift; path = FeedDetail.swift; sourceTree = "<group>"; };
		975F469923CA22500044C6AA /* FeedPreviewDetail.swift */ = {isa = PBXFileReference; lastKnownFileType = sourcecode.swift; path = FeedPreviewDetail.swift; sourceTree = "<group>"; };
		975F469B23CA22DC0044C6AA /* Feed.swift */ = {isa = PBXFileReference; lastKnownFileType = sourcecode.swift; path = Feed.swift; sourceTree = "<group>"; };
		9773017A23C7099700E3CE99 /* MainMapView.swift */ = {isa = PBXFileReference; lastKnownFileType = sourcecode.swift; path = MainMapView.swift; sourceTree = "<group>"; };
		9773017C23C709BB00E3CE99 /* MainGroupView.swift */ = {isa = PBXFileReference; lastKnownFileType = sourcecode.swift; path = MainGroupView.swift; sourceTree = "<group>"; };
		9773017E23C709C700E3CE99 /* MainSettingView.swift */ = {isa = PBXFileReference; lastKnownFileType = sourcecode.swift; path = MainSettingView.swift; sourceTree = "<group>"; };
		9773018023C71F7B00E3CE99 /* SplashView.swift */ = {isa = PBXFileReference; lastKnownFileType = sourcecode.swift; path = SplashView.swift; sourceTree = "<group>"; };
		9773018423C7277700E3CE99 /* MainTabView.swift */ = {isa = PBXFileReference; lastKnownFileType = sourcecode.swift; path = MainTabView.swift; sourceTree = "<group>"; };
		97785AC223C9E38F007EDB7E /* NavigationConfigurator.swift */ = {isa = PBXFileReference; lastKnownFileType = sourcecode.swift; path = NavigationConfigurator.swift; sourceTree = "<group>"; };
		97785AC523C9E592007EDB7E /* FeedView.swift */ = {isa = PBXFileReference; lastKnownFileType = sourcecode.swift; path = FeedView.swift; sourceTree = "<group>"; };
		978D81EB23CB0ACD00DA75D0 /* GroupSideMenu.swift */ = {isa = PBXFileReference; lastKnownFileType = sourcecode.swift; path = GroupSideMenu.swift; sourceTree = "<group>"; };
		978D81ED23CB0BD700DA75D0 /* MemberList.swift */ = {isa = PBXFileReference; lastKnownFileType = sourcecode.swift; path = MemberList.swift; sourceTree = "<group>"; };
		9798B19723C80B4100AB6E4F /* UserGroup.swift */ = {isa = PBXFileReference; lastKnownFileType = sourcecode.swift; path = UserGroup.swift; sourceTree = "<group>"; };
		97B242DA23CD912300AB0DB1 /* TestView.swift */ = {isa = PBXFileReference; lastKnownFileType = sourcecode.swift; path = TestView.swift; sourceTree = "<group>"; };
		97B858B823C8A88500358211 /* GroupDetail.swift */ = {isa = PBXFileReference; lastKnownFileType = sourcecode.swift; path = GroupDetail.swift; sourceTree = "<group>"; };
/* End PBXFileReference section */

/* Begin PBXFrameworksBuildPhase section */
		9750585A23C1B17800BF54E5 /* Frameworks */ = {
			isa = PBXFrameworksBuildPhase;
			buildActionMask = 2147483647;
			files = (
				970CFCCD23C20D5600D9FB12 /* KakaoOpenSDK.framework in Frameworks */,
			);
			runOnlyForDeploymentPostprocessing = 0;
		};
/* End PBXFrameworksBuildPhase section */

/* Begin PBXGroup section */
		970CFCC423C208C700D9FB12 /* Frameworks */ = {
			isa = PBXGroup;
			children = (
				970CFCCC23C20D5600D9FB12 /* KakaoOpenSDK.framework */,
			);
			name = Frameworks;
			sourceTree = "<group>";
		};
		972B0FDD23C8649C00BF1F65 /* Map */ = {
			isa = PBXGroup;
			children = (
				9773017A23C7099700E3CE99 /* MainMapView.swift */,
				972B0FDE23C865C400BF1F65 /* KoreaMap.swift */,
			);
			path = Map;
			sourceTree = "<group>";
		};
		9750585423C1B17800BF54E5 = {
			isa = PBXGroup;
			children = (
				9750585F23C1B17800BF54E5 /* PhotoMap_IOS */,
				9750585E23C1B17800BF54E5 /* Products */,
				970CFCC423C208C700D9FB12 /* Frameworks */,
			);
			sourceTree = "<group>";
		};
		9750585E23C1B17800BF54E5 /* Products */ = {
			isa = PBXGroup;
			children = (
				9750585D23C1B17800BF54E5 /* PhotoMap.app */,
			);
			name = Products;
			sourceTree = "<group>";
		};
		9750585F23C1B17800BF54E5 /* PhotoMap_IOS */ = {
			isa = PBXGroup;
			children = (
				97528EF023C771ED00B999B5 /* Models */,
				9773018623C72C4C00E3CE99 /* Views */,
				97785AC023C9E35D007EDB7E /* SupportingView */,
				970CFCC923C20C8100D9FB12 /* KakaoOpenSDK-Bridging-Header.h */,
				9750586023C1B17800BF54E5 /* AppDelegate.swift */,
				9750586223C1B17800BF54E5 /* SceneDelegate.swift */,
				9750586923C1B17900BF54E5 /* Assets.xcassets */,
				9750586E23C1B17900BF54E5 /* LaunchScreen.storyboard */,
				9750587123C1B17900BF54E5 /* Info.plist */,
				9750586423C1B17800BF54E5 /* PhotoMap_IOS.xcdatamodeld */,
				9750586B23C1B17900BF54E5 /* Preview Content */,
			);
			path = PhotoMap_IOS;
			sourceTree = "<group>";
		};
		9750586B23C1B17900BF54E5 /* Preview Content */ = {
			isa = PBXGroup;
			children = (
				9750586C23C1B17900BF54E5 /* Preview Assets.xcassets */,
			);
			path = "Preview Content";
			sourceTree = "<group>";
		};
		97528EED23C7716000B999B5 /* Group */ = {
			isa = PBXGroup;
			children = (
				9773017C23C709BB00E3CE99 /* MainGroupView.swift */,
				97528EEB23C770E100B999B5 /* GroupList.swift */,
				97528EEE23C7717D00B999B5 /* GroupRow.swift */,
				97B858B823C8A88500358211 /* GroupDetail.swift */,
				978D81EB23CB0ACD00DA75D0 /* GroupSideMenu.swift */,
				978D81ED23CB0BD700DA75D0 /* MemberList.swift */,
				973F6A3323CEEC9C008C4EEC /* MemberRow.swift */,
			);
			path = Group;
			sourceTree = "<group>";
		};
		97528EF023C771ED00B999B5 /* Models */ = {
			isa = PBXGroup;
			children = (
				9798B19723C80B4100AB6E4F /* UserGroup.swift */,
				975F469B23CA22DC0044C6AA /* Feed.swift */,
			);
			path = Models;
			sourceTree = "<group>";
		};
		9773018623C72C4C00E3CE99 /* Views */ = {
			isa = PBXGroup;
			children = (
				9773018023C71F7B00E3CE99 /* SplashView.swift */,
				9773018423C7277700E3CE99 /* MainTabView.swift */,
				9798B19923C832BA00AB6E4F /* Login */,
				97528EED23C7716000B999B5 /* Group */,
				972B0FDD23C8649C00BF1F65 /* Map */,
				97785AC423C9E583007EDB7E /* Feed */,
				97B8B0AE23C8596300E9B52C /* UserSetting */,
				97B242DA23CD912300AB0DB1 /* TestView.swift */,
			);
			path = Views;
			sourceTree = "<group>";
		};
		97785AC023C9E35D007EDB7E /* SupportingView */ = {
			isa = PBXGroup;
			children = (
				97785AC223C9E38F007EDB7E /* NavigationConfigurator.swift */,
			);
			path = SupportingView;
			sourceTree = "<group>";
		};
		97785AC423C9E583007EDB7E /* Feed */ = {
			isa = PBXGroup;
			children = (
				97785AC523C9E592007EDB7E /* FeedView.swift */,
				975F469723CA1D760044C6AA /* FeedDetail.swift */,
				975F469923CA22500044C6AA /* FeedPreviewDetail.swift */,
			);
			path = Feed;
			sourceTree = "<group>";
		};
		9798B19923C832BA00AB6E4F /* Login */ = {
			isa = PBXGroup;
			children = (
				9750586723C1B17800BF54E5 /* LoginView.swift */,
				970CFCD023C2148F00D9FB12 /* KakaoLoginButton.swift */,
			);
			path = Login;
			sourceTree = "<group>";
		};
		97B8B0AE23C8596300E9B52C /* UserSetting */ = {
			isa = PBXGroup;
			children = (
				9773017E23C709C700E3CE99 /* MainSettingView.swift */,
			);
			path = UserSetting;
			sourceTree = "<group>";
		};
/* End PBXGroup section */

/* Begin PBXNativeTarget section */
		9750585C23C1B17800BF54E5 /* PhotoMap_IOS */ = {
			isa = PBXNativeTarget;
			buildConfigurationList = 9750587423C1B17900BF54E5 /* Build configuration list for PBXNativeTarget "PhotoMap_IOS" */;
			buildPhases = (
				9750585923C1B17800BF54E5 /* Sources */,
				9750585A23C1B17800BF54E5 /* Frameworks */,
				9750585B23C1B17800BF54E5 /* Resources */,
				970CFCC823C208C800D9FB12 /* Embed Frameworks */,
			);
			buildRules = (
			);
			dependencies = (
			);
			name = PhotoMap_IOS;
			productName = PhotoMap_IOS;
			productReference = 9750585D23C1B17800BF54E5 /* PhotoMap.app */;
			productType = "com.apple.product-type.application";
		};
/* End PBXNativeTarget section */

/* Begin PBXProject section */
		9750585523C1B17800BF54E5 /* Project object */ = {
			isa = PBXProject;
			attributes = {
				LastSwiftUpdateCheck = 1110;
				LastUpgradeCheck = 1110;
				ORGANIZATIONNAME = "김근수";
				TargetAttributes = {
					9750585C23C1B17800BF54E5 = {
						CreatedOnToolsVersion = 11.1;
					};
				};
			};
			buildConfigurationList = 9750585823C1B17800BF54E5 /* Build configuration list for PBXProject "PhotoMap_IOS" */;
			compatibilityVersion = "Xcode 9.3";
			developmentRegion = en;
			hasScannedForEncodings = 0;
			knownRegions = (
				en,
				Base,
			);
			mainGroup = 9750585423C1B17800BF54E5;
			productRefGroup = 9750585E23C1B17800BF54E5 /* Products */;
			projectDirPath = "";
			projectRoot = "";
			targets = (
				9750585C23C1B17800BF54E5 /* PhotoMap_IOS */,
			);
		};
/* End PBXProject section */

/* Begin PBXResourcesBuildPhase section */
		9750585B23C1B17800BF54E5 /* Resources */ = {
			isa = PBXResourcesBuildPhase;
			buildActionMask = 2147483647;
			files = (
				9750587023C1B17900BF54E5 /* LaunchScreen.storyboard in Resources */,
				9750586D23C1B17900BF54E5 /* Preview Assets.xcassets in Resources */,
				9750586A23C1B17900BF54E5 /* Assets.xcassets in Resources */,
			);
			runOnlyForDeploymentPostprocessing = 0;
		};
/* End PBXResourcesBuildPhase section */

/* Begin PBXSourcesBuildPhase section */
		9750585923C1B17800BF54E5 /* Sources */ = {
			isa = PBXSourcesBuildPhase;
			buildActionMask = 2147483647;
			files = (
				9773017B23C7099700E3CE99 /* MainMapView.swift in Sources */,
				975F469C23CA22DC0044C6AA /* Feed.swift in Sources */,
				970CFCD123C2148F00D9FB12 /* KakaoLoginButton.swift in Sources */,
				97528EEF23C7717D00B999B5 /* GroupRow.swift in Sources */,
				9750586123C1B17800BF54E5 /* AppDelegate.swift in Sources */,
				975F469A23CA22500044C6AA /* FeedPreviewDetail.swift in Sources */,
				978D81EE23CB0BD700DA75D0 /* MemberList.swift in Sources */,
				975F469823CA1D760044C6AA /* FeedDetail.swift in Sources */,
				9750586623C1B17800BF54E5 /* PhotoMap_IOS.xcdatamodeld in Sources */,
				978D81EC23CB0ACD00DA75D0 /* GroupSideMenu.swift in Sources */,
				972B0FDF23C865C400BF1F65 /* KoreaMap.swift in Sources */,
				97528EEC23C770E100B999B5 /* GroupList.swift in Sources */,
				9773017D23C709BB00E3CE99 /* MainGroupView.swift in Sources */,
				9750586823C1B17800BF54E5 /* LoginView.swift in Sources */,
				9773017F23C709C700E3CE99 /* MainSettingView.swift in Sources */,
				97785AC323C9E38F007EDB7E /* NavigationConfigurator.swift in Sources */,
				97785AC623C9E592007EDB7E /* FeedView.swift in Sources */,
				9750586323C1B17800BF54E5 /* SceneDelegate.swift in Sources */,
				973F6A3423CEEC9C008C4EEC /* MemberRow.swift in Sources */,
				9773018123C71F7B00E3CE99 /* SplashView.swift in Sources */,
				97B242DB23CD912300AB0DB1 /* TestView.swift in Sources */,
				9798B19823C80B4100AB6E4F /* UserGroup.swift in Sources */,
				97B858B923C8A88500358211 /* GroupDetail.swift in Sources */,
				9773018523C7277700E3CE99 /* MainTabView.swift in Sources */,
			);
			runOnlyForDeploymentPostprocessing = 0;
		};
/* End PBXSourcesBuildPhase section */

/* Begin PBXVariantGroup section */
		9750586E23C1B17900BF54E5 /* LaunchScreen.storyboard */ = {
			isa = PBXVariantGroup;
			children = (
				9750586F23C1B17900BF54E5 /* Base */,
			);
			name = LaunchScreen.storyboard;
			sourceTree = "<group>";
		};
/* End PBXVariantGroup section */

/* Begin XCBuildConfiguration section */
		9750587223C1B17900BF54E5 /* Debug */ = {
			isa = XCBuildConfiguration;
			buildSettings = {
				ALWAYS_SEARCH_USER_PATHS = NO;
				CLANG_ANALYZER_NONNULL = YES;
				CLANG_ANALYZER_NUMBER_OBJECT_CONVERSION = YES_AGGRESSIVE;
				CLANG_CXX_LANGUAGE_STANDARD = "gnu++14";
				CLANG_CXX_LIBRARY = "libc++";
				CLANG_ENABLE_MODULES = YES;
				CLANG_ENABLE_OBJC_ARC = YES;
				CLANG_ENABLE_OBJC_WEAK = YES;
				CLANG_WARN_BLOCK_CAPTURE_AUTORELEASING = YES;
				CLANG_WARN_BOOL_CONVERSION = YES;
				CLANG_WARN_COMMA = YES;
				CLANG_WARN_CONSTANT_CONVERSION = YES;
				CLANG_WARN_DEPRECATED_OBJC_IMPLEMENTATIONS = YES;
				CLANG_WARN_DIRECT_OBJC_ISA_USAGE = YES_ERROR;
				CLANG_WARN_DOCUMENTATION_COMMENTS = YES;
				CLANG_WARN_EMPTY_BODY = YES;
				CLANG_WARN_ENUM_CONVERSION = YES;
				CLANG_WARN_INFINITE_RECURSION = YES;
				CLANG_WARN_INT_CONVERSION = YES;
				CLANG_WARN_NON_LITERAL_NULL_CONVERSION = YES;
				CLANG_WARN_OBJC_IMPLICIT_RETAIN_SELF = YES;
				CLANG_WARN_OBJC_LITERAL_CONVERSION = YES;
				CLANG_WARN_OBJC_ROOT_CLASS = YES_ERROR;
				CLANG_WARN_RANGE_LOOP_ANALYSIS = YES;
				CLANG_WARN_STRICT_PROTOTYPES = YES;
				CLANG_WARN_SUSPICIOUS_MOVE = YES;
				CLANG_WARN_UNGUARDED_AVAILABILITY = YES_AGGRESSIVE;
				CLANG_WARN_UNREACHABLE_CODE = YES;
				CLANG_WARN__DUPLICATE_METHOD_MATCH = YES;
				COPY_PHASE_STRIP = NO;
				DEBUG_INFORMATION_FORMAT = dwarf;
				ENABLE_STRICT_OBJC_MSGSEND = YES;
				ENABLE_TESTABILITY = YES;
				GCC_C_LANGUAGE_STANDARD = gnu11;
				GCC_DYNAMIC_NO_PIC = NO;
				GCC_NO_COMMON_BLOCKS = YES;
				GCC_OPTIMIZATION_LEVEL = 0;
				GCC_PREPROCESSOR_DEFINITIONS = (
					"DEBUG=1",
					"$(inherited)",
				);
				GCC_WARN_64_TO_32_BIT_CONVERSION = YES;
				GCC_WARN_ABOUT_RETURN_TYPE = YES_ERROR;
				GCC_WARN_UNDECLARED_SELECTOR = YES;
				GCC_WARN_UNINITIALIZED_AUTOS = YES_AGGRESSIVE;
				GCC_WARN_UNUSED_FUNCTION = YES;
				GCC_WARN_UNUSED_VARIABLE = YES;
				IPHONEOS_DEPLOYMENT_TARGET = 13.1;
				MTL_ENABLE_DEBUG_INFO = INCLUDE_SOURCE;
				MTL_FAST_MATH = YES;
				ONLY_ACTIVE_ARCH = YES;
				SDKROOT = iphoneos;
				SWIFT_ACTIVE_COMPILATION_CONDITIONS = DEBUG;
				SWIFT_OPTIMIZATION_LEVEL = "-Onone";
			};
			name = Debug;
		};
		9750587323C1B17900BF54E5 /* Release */ = {
			isa = XCBuildConfiguration;
			buildSettings = {
				ALWAYS_SEARCH_USER_PATHS = NO;
				CLANG_ANALYZER_NONNULL = YES;
				CLANG_ANALYZER_NUMBER_OBJECT_CONVERSION = YES_AGGRESSIVE;
				CLANG_CXX_LANGUAGE_STANDARD = "gnu++14";
				CLANG_CXX_LIBRARY = "libc++";
				CLANG_ENABLE_MODULES = YES;
				CLANG_ENABLE_OBJC_ARC = YES;
				CLANG_ENABLE_OBJC_WEAK = YES;
				CLANG_WARN_BLOCK_CAPTURE_AUTORELEASING = YES;
				CLANG_WARN_BOOL_CONVERSION = YES;
				CLANG_WARN_COMMA = YES;
				CLANG_WARN_CONSTANT_CONVERSION = YES;
				CLANG_WARN_DEPRECATED_OBJC_IMPLEMENTATIONS = YES;
				CLANG_WARN_DIRECT_OBJC_ISA_USAGE = YES_ERROR;
				CLANG_WARN_DOCUMENTATION_COMMENTS = YES;
				CLANG_WARN_EMPTY_BODY = YES;
				CLANG_WARN_ENUM_CONVERSION = YES;
				CLANG_WARN_INFINITE_RECURSION = YES;
				CLANG_WARN_INT_CONVERSION = YES;
				CLANG_WARN_NON_LITERAL_NULL_CONVERSION = YES;
				CLANG_WARN_OBJC_IMPLICIT_RETAIN_SELF = YES;
				CLANG_WARN_OBJC_LITERAL_CONVERSION = YES;
				CLANG_WARN_OBJC_ROOT_CLASS = YES_ERROR;
				CLANG_WARN_RANGE_LOOP_ANALYSIS = YES;
				CLANG_WARN_STRICT_PROTOTYPES = YES;
				CLANG_WARN_SUSPICIOUS_MOVE = YES;
				CLANG_WARN_UNGUARDED_AVAILABILITY = YES_AGGRESSIVE;
				CLANG_WARN_UNREACHABLE_CODE = YES;
				CLANG_WARN__DUPLICATE_METHOD_MATCH = YES;
				COPY_PHASE_STRIP = NO;
				DEBUG_INFORMATION_FORMAT = "dwarf-with-dsym";
				ENABLE_NS_ASSERTIONS = NO;
				ENABLE_STRICT_OBJC_MSGSEND = YES;
				GCC_C_LANGUAGE_STANDARD = gnu11;
				GCC_NO_COMMON_BLOCKS = YES;
				GCC_WARN_64_TO_32_BIT_CONVERSION = YES;
				GCC_WARN_ABOUT_RETURN_TYPE = YES_ERROR;
				GCC_WARN_UNDECLARED_SELECTOR = YES;
				GCC_WARN_UNINITIALIZED_AUTOS = YES_AGGRESSIVE;
				GCC_WARN_UNUSED_FUNCTION = YES;
				GCC_WARN_UNUSED_VARIABLE = YES;
				IPHONEOS_DEPLOYMENT_TARGET = 13.1;
				MTL_ENABLE_DEBUG_INFO = NO;
				MTL_FAST_MATH = YES;
				SDKROOT = iphoneos;
				SWIFT_COMPILATION_MODE = wholemodule;
				SWIFT_OPTIMIZATION_LEVEL = "-O";
				VALIDATE_PRODUCT = YES;
			};
			name = Release;
		};
		9750587523C1B17900BF54E5 /* Debug */ = {
			isa = XCBuildConfiguration;
			buildSettings = {
				ASSETCATALOG_COMPILER_APPICON_NAME = AppIcon;
				CODE_SIGN_STYLE = Automatic;
				DEVELOPMENT_ASSET_PATHS = "\"PhotoMap_IOS/Preview Content\"";
				DEVELOPMENT_TEAM = EKU567YQE4;
				ENABLE_PREVIEWS = YES;
				FRAMEWORK_SEARCH_PATHS = (
					"$(inherited)",
					"$(PROJECT_DIR)",
				);
				INFOPLIST_FILE = PhotoMap_IOS/Info.plist;
				LD_RUNPATH_SEARCH_PATHS = (
					"$(inherited)",
					"@executable_path/Frameworks",
				);
				LIBRARY_SEARCH_PATHS = (
					"$(inherited)",
					"$(PROJECT_DIR)",
				);
				OTHER_LDFLAGS = "-all_load";
				PRODUCT_BUNDLE_IDENTIFIER = "com.apps.jucano.PhotoMap-IOS";
				PRODUCT_NAME = PhotoMap;
				SWIFT_OBJC_BRIDGING_HEADER = "$(SRCROOT)/$(PROJECT_NAME)/KakaoOpenSDK-Bridging-Header.h";
				SWIFT_VERSION = 5.0;
				TARGETED_DEVICE_FAMILY = "1,2";
			};
			name = Debug;
		};
		9750587623C1B17900BF54E5 /* Release */ = {
			isa = XCBuildConfiguration;
			buildSettings = {
				ASSETCATALOG_COMPILER_APPICON_NAME = AppIcon;
				CODE_SIGN_STYLE = Automatic;
				DEVELOPMENT_ASSET_PATHS = "\"PhotoMap_IOS/Preview Content\"";
				DEVELOPMENT_TEAM = EKU567YQE4;
				ENABLE_PREVIEWS = YES;
				FRAMEWORK_SEARCH_PATHS = (
					"$(inherited)",
					"$(PROJECT_DIR)",
				);
				INFOPLIST_FILE = PhotoMap_IOS/Info.plist;
				LD_RUNPATH_SEARCH_PATHS = (
					"$(inherited)",
					"@executable_path/Frameworks",
				);
				LIBRARY_SEARCH_PATHS = (
					"$(inherited)",
					"$(PROJECT_DIR)",
				);
				OTHER_LDFLAGS = "-all_load";
				PRODUCT_BUNDLE_IDENTIFIER = "com.apps.jucano.PhotoMap-IOS";
				PRODUCT_NAME = PhotoMap;
				SWIFT_OBJC_BRIDGING_HEADER = "$(SRCROOT)/$(PROJECT_NAME)/KakaoOpenSDK-Bridging-Header.h";
				SWIFT_VERSION = 5.0;
				TARGETED_DEVICE_FAMILY = "1,2";
			};
			name = Release;
		};
/* End XCBuildConfiguration section */

/* Begin XCConfigurationList section */
		9750585823C1B17800BF54E5 /* Build configuration list for PBXProject "PhotoMap_IOS" */ = {
			isa = XCConfigurationList;
			buildConfigurations = (
				9750587223C1B17900BF54E5 /* Debug */,
				9750587323C1B17900BF54E5 /* Release */,
			);
			defaultConfigurationIsVisible = 0;
			defaultConfigurationName = Release;
		};
		9750587423C1B17900BF54E5 /* Build configuration list for PBXNativeTarget "PhotoMap_IOS" */ = {
			isa = XCConfigurationList;
			buildConfigurations = (
				9750587523C1B17900BF54E5 /* Debug */,
				9750587623C1B17900BF54E5 /* Release */,
			);
			defaultConfigurationIsVisible = 0;
			defaultConfigurationName = Release;
		};
/* End XCConfigurationList section */

/* Begin XCVersionGroup section */
		9750586423C1B17800BF54E5 /* PhotoMap_IOS.xcdatamodeld */ = {
			isa = XCVersionGroup;
			children = (
				9750586523C1B17800BF54E5 /* PhotoMap_IOS.xcdatamodel */,
			);
			currentVersion = 9750586523C1B17800BF54E5 /* PhotoMap_IOS.xcdatamodel */;
			path = PhotoMap_IOS.xcdatamodeld;
			sourceTree = "<group>";
			versionGroupType = wrapper.xcdatamodel;
		};
/* End XCVersionGroup section */
	};
	rootObject = 9750585523C1B17800BF54E5 /* Project object */;
}
